
Microsoft Visual Studio Solution File, Format Version 12.00
# Visual Studio Version 16
VisualStudioVersion = 16.0.30320.27
MinimumVisualStudioVersion = 10.0.40219.1
Project("{8BC9CEB8-8B4A-11D0-8D11-00A0C91BC942}") = "2048", "2048\2048.vcxproj", "{08E93CFD-7AFA-4FCA-BF2A-F1C557C0C27B}"
EndProject
Project("{54435603-DBB4-11D2-8724-00A0C9A8B90C}") = "Setup1", "Setup1\Setup1.vdproj", "{21E888B3-31CB-42FF-B7A4-3E42AB7D87E2}"
EndProject
Global
	GlobalSection(SolutionConfigurationPlatforms) = preSolution
		Debug|x64 = Debug|x64
		Debug|x86 = Debug|x86
		Release|x64 = Release|x64
		Release|x86 = Release|x86
	EndGlobalSection
	GlobalSection(ProjectConfigurationPlatforms) = postSolution
		{08E93CFD-7AFA-4FCA-BF2A-F1C557C0C27B}.Debug|x64.ActiveCfg = Debug|x64
		{08E93CFD-7AFA-4FCA-BF2A-F1C557C0C27B}.Debug|x64.Build.0 = Debug|x64
		{08E93CFD-7AFA-4FCA-BF2A-F1C557C0C27B}.Debug|x86.ActiveCfg = Debug|Win32
		{08E93CFD-7AFA-4FCA-BF2A-F1C557C0C27B}.Debug|x86.Build.0 = Debug|Win32
		{08E93CFD-7AFA-4FCA-BF2A-F1C557C0C27B}.Release|x64.ActiveCfg = Release|x64
		{08E93CFD-7AFA-4FCA-BF2A-F1C557C0C27B}.Release|x64.Build.0 = Release|x64
		{08E93CFD-7AFA-4FCA-BF2A-F1C557C0C27B}.Release|x86.ActiveCfg = Release|Win32
		{08E93CFD-7AFA-4FCA-BF2A-F1C557C0C27B}.Release|x86.Build.0 = Release|Win32
		{21E888B3-31CB-42FF-B7A4-3E42AB7D87E2}.Debug|x64.ActiveCfg = Debug
		{21E888B3-31CB-42FF-B7A4-3E42AB7D87E2}.Debug|x86.ActiveCfg = Debug
		{21E888B3-31CB-42FF-B7A4-3E42AB7D87E2}.Release|x64.ActiveCfg = Release
		{21E888B3-31CB-42FF-B7A4-3E42AB7D87E2}.Release|x86.ActiveCfg = Release
	EndGlobalSection
	GlobalSection(SolutionProperties) = preSolution
		HideSolutionNode = FALSE
	EndGlobalSection
	GlobalSection(ExtensibilityGlobals) = postSolution
		SolutionGuid = {5098EBBF-5044-42EA-8018-4CC20320FDB2}
	EndGlobalSection
EndGlobal
